// !$*UTF8*$!
{
	archiveVersion = 1;
	classes = {
	};
	objectVersion = 50;
	objects = {

/* Begin PBXBuildFile section */
		690F3BD8249589D100A25D4A /* TabBarViewController.swift in Sources */ = {isa = PBXBuildFile; fileRef = 690F3BD7249589D100A25D4A /* TabBarViewController.swift */; };
		692DB0FC24911EDC008F7397 /* ContactListTableTableViewController.swift in Sources */ = {isa = PBXBuildFile; fileRef = 692DB0FB24911EDC008F7397 /* ContactListTableTableViewController.swift */; };
		692EAD3D248F0EA500035522 /* AppDelegate.swift in Sources */ = {isa = PBXBuildFile; fileRef = 692EAD3C248F0EA500035522 /* AppDelegate.swift */; };
		692EAD3F248F0EA500035522 /* SceneDelegate.swift in Sources */ = {isa = PBXBuildFile; fileRef = 692EAD3E248F0EA500035522 /* SceneDelegate.swift */; };
		692EAD41248F0EA500035522 /* PersonDetailsViewController.swift in Sources */ = {isa = PBXBuildFile; fileRef = 692EAD40248F0EA500035522 /* PersonDetailsViewController.swift */; };
		692EAD46248F0EA500035522 /* Main.storyboard in Resources */ = {isa = PBXBuildFile; fileRef = 692EAD44248F0EA500035522 /* Main.storyboard */; };
		692EAD48248F0EAC00035522 /* Assets.xcassets in Resources */ = {isa = PBXBuildFile; fileRef = 692EAD47248F0EAC00035522 /* Assets.xcassets */; };
		692EAD4B248F0EAC00035522 /* LaunchScreen.storyboard in Resources */ = {isa = PBXBuildFile; fileRef = 692EAD49248F0EAC00035522 /* LaunchScreen.storyboard */; };
		69535BED24906B6700A29EF6 /* Person.swift in Sources */ = {isa = PBXBuildFile; fileRef = 69535BEC24906B6700A29EF6 /* Person.swift */; };
		69535BF224906CF800A29EF6 /* DataManager.swift in Sources */ = {isa = PBXBuildFile; fileRef = 69535BF124906CF800A29EF6 /* DataManager.swift */; };
		69535BF4249072B000A29EF6 /* PersonListTableViewController.swift in Sources */ = {isa = PBXBuildFile; fileRef = 69535BF3249072B000A29EF6 /* PersonListTableViewController.swift */; };
/* End PBXBuildFile section */

/* Begin PBXFileReference section */
		690F3BD7249589D100A25D4A /* TabBarViewController.swift */ = {isa = PBXFileReference; lastKnownFileType = sourcecode.swift; path = TabBarViewController.swift; sourceTree = "<group>"; };
		692DB0FB24911EDC008F7397 /* ContactListTableTableViewController.swift */ = {isa = PBXFileReference; lastKnownFileType = sourcecode.swift; path = ContactListTableTableViewController.swift; sourceTree = "<group>"; };
		692EAD39248F0EA500035522 /* vitata_HW2.7.app */ = {isa = PBXFileReference; explicitFileType = wrapper.application; includeInIndex = 0; path = vitata_HW2.7.app; sourceTree = BUILT_PRODUCTS_DIR; };
		692EAD3C248F0EA500035522 /* AppDelegate.swift */ = {isa = PBXFileReference; lastKnownFileType = sourcecode.swift; path = AppDelegate.swift; sourceTree = "<group>"; };
		692EAD3E248F0EA500035522 /* SceneDelegate.swift */ = {isa = PBXFileReference; lastKnownFileType = sourcecode.swift; path = SceneDelegate.swift; sourceTree = "<group>"; };
		692EAD40248F0EA500035522 /* PersonDetailsViewController.swift */ = {isa = PBXFileReference; lastKnownFileType = sourcecode.swift; path = PersonDetailsViewController.swift; sourceTree = "<group>"; };
		692EAD45248F0EA500035522 /* Base */ = {isa = PBXFileReference; lastKnownFileType = file.storyboard; name = Base; path = Base.lproj/Main.storyboard; sourceTree = "<group>"; };
		692EAD47248F0EAC00035522 /* Assets.xcassets */ = {isa = PBXFileReference; lastKnownFileType = folder.assetcatalog; path = Assets.xcassets; sourceTree = "<group>"; };
		692EAD4A248F0EAC00035522 /* Base */ = {isa = PBXFileReference; lastKnownFileType = file.storyboard; name = Base; path = Base.lproj/LaunchScreen.storyboard; sourceTree = "<group>"; };
		692EAD4C248F0EAC00035522 /* Info.plist */ = {isa = PBXFileReference; lastKnownFileType = text.plist.xml; path = Info.plist; sourceTree = "<group>"; };
		69535BEC24906B6700A29EF6 /* Person.swift */ = {isa = PBXFileReference; lastKnownFileType = sourcecode.swift; path = Person.swift; sourceTree = "<group>"; };
		69535BF124906CF800A29EF6 /* DataManager.swift */ = {isa = PBXFileReference; lastKnownFileType = sourcecode.swift; path = DataManager.swift; sourceTree = "<group>"; };
		69535BF3249072B000A29EF6 /* PersonListTableViewController.swift */ = {isa = PBXFileReference; lastKnownFileType = sourcecode.swift; path = PersonListTableViewController.swift; sourceTree = "<group>"; };
/* End PBXFileReference section */

/* Begin PBXFrameworksBuildPhase section */
		692EAD36248F0EA500035522 /* Frameworks */ = {
			isa = PBXFrameworksBuildPhase;
			buildActionMask = 2147483647;
			files = (
			);
			runOnlyForDeploymentPostprocessing = 0;
		};
/* End PBXFrameworksBuildPhase section */

/* Begin PBXGroup section */
		692C6774248F25C2008E72BC /* ViewControllers */ = {
			isa = PBXGroup;
			children = (
				69535BF3249072B000A29EF6 /* PersonListTableViewController.swift */,
				692EAD40248F0EA500035522 /* PersonDetailsViewController.swift */,
				692DB0FB24911EDC008F7397 /* ContactListTableTableViewController.swift */,
				690F3BD7249589D100A25D4A /* TabBarViewController.swift */,
			);
			path = ViewControllers;
			sourceTree = "<group>";
		};
		692C6775248F25D7008E72BC /* StoryBoards */ = {
			isa = PBXGroup;
			children = (
				692EAD44248F0EA500035522 /* Main.storyboard */,
				692EAD49248F0EAC00035522 /* LaunchScreen.storyboard */,
			);
			path = StoryBoards;
			sourceTree = "<group>";
		};
		692C6776248F25E6008E72BC /* Resources */ = {
			isa = PBXGroup;
			children = (
				692EAD47248F0EAC00035522 /* Assets.xcassets */,
			);
			path = Resources;
			sourceTree = "<group>";
		};
		692C6777248F25FC008E72BC /* SupportingFiles */ = {
			isa = PBXGroup;
			children = (
				692EAD3C248F0EA500035522 /* AppDelegate.swift */,
				692EAD3E248F0EA500035522 /* SceneDelegate.swift */,
				692EAD4C248F0EAC00035522 /* Info.plist */,
			);
			path = SupportingFiles;
			sourceTree = "<group>";
		};
		692EAD30248F0EA500035522 = {
			isa = PBXGroup;
			children = (
				692EAD3B248F0EA500035522 /* vitata_HW2.7 */,
				692EAD3A248F0EA500035522 /* Products */,
			);
			sourceTree = "<group>";
		};
		692EAD3A248F0EA500035522 /* Products */ = {
			isa = PBXGroup;
			children = (
				692EAD39248F0EA500035522 /* vitata_HW2.7.app */,
			);
			name = Products;
			sourceTree = "<group>";
		};
		692EAD3B248F0EA500035522 /* vitata_HW2.7 */ = {
			isa = PBXGroup;
			children = (
				69535BF024906CEB00A29EF6 /* Data */,
				69535BEB24906B3500A29EF6 /* Models */,
				692C6774248F25C2008E72BC /* ViewControllers */,
				692C6775248F25D7008E72BC /* StoryBoards */,
				692C6777248F25FC008E72BC /* SupportingFiles */,
				692C6776248F25E6008E72BC /* Resources */,
			);
			path = vitata_HW2.7;
			sourceTree = "<group>";
		};
		69535BEB24906B3500A29EF6 /* Models */ = {
			isa = PBXGroup;
			children = (
				69535BEC24906B6700A29EF6 /* Person.swift */,
			);
			path = Models;
			sourceTree = "<group>";
		};
		69535BF024906CEB00A29EF6 /* Data */ = {
			isa = PBXGroup;
			children = (
				69535BF124906CF800A29EF6 /* DataManager.swift */,
			);
			path = Data;
			sourceTree = "<group>";
		};
/* End PBXGroup section */

/* Begin PBXNativeTarget section */
		692EAD38248F0EA500035522 /* vitata_HW2.7 */ = {
			isa = PBXNativeTarget;
			buildConfigurationList = 692EAD4F248F0EAC00035522 /* Build configuration list for PBXNativeTarget "vitata_HW2.7" */;
			buildPhases = (
				692EAD35248F0EA500035522 /* Sources */,
				692EAD36248F0EA500035522 /* Frameworks */,
				692EAD37248F0EA500035522 /* Resources */,
			);
			buildRules = (
			);
			dependencies = (
			);
			name = vitata_HW2.7;
			productName = vitata_HW2.7;
			productReference = 692EAD39248F0EA500035522 /* vitata_HW2.7.app */;
			productType = "com.apple.product-type.application";
		};
/* End PBXNativeTarget section */

/* Begin PBXProject section */
		692EAD31248F0EA500035522 /* Project object */ = {
			isa = PBXProject;
			attributes = {
				LastSwiftUpdateCheck = 1150;
				LastUpgradeCheck = 1150;
				ORGANIZATIONNAME = Andrew;
				TargetAttributes = {
					692EAD38248F0EA500035522 = {
						CreatedOnToolsVersion = 11.5;
					};
				};
			};
			buildConfigurationList = 692EAD34248F0EA500035522 /* Build configuration list for PBXProject "vitata_HW2.7" */;
			compatibilityVersion = "Xcode 9.3";
			developmentRegion = en;
			hasScannedForEncodings = 0;
			knownRegions = (
				en,
				Base,
			);
			mainGroup = 692EAD30248F0EA500035522;
			productRefGroup = 692EAD3A248F0EA500035522 /* Products */;
			projectDirPath = "";
			projectRoot = "";
			targets = (
				692EAD38248F0EA500035522 /* vitata_HW2.7 */,
			);
		};
/* End PBXProject section */

/* Begin PBXResourcesBuildPhase section */
		692EAD37248F0EA500035522 /* Resources */ = {
			isa = PBXResourcesBuildPhase;
			buildActionMask = 2147483647;
			files = (
				692EAD4B248F0EAC00035522 /* LaunchScreen.storyboard in Resources */,
				692EAD48248F0EAC00035522 /* Assets.xcassets in Resources */,
				692EAD46248F0EA500035522 /* Main.storyboard in Resources */,
			);
			runOnlyForDeploymentPostprocessing = 0;
		};
/* End PBXResourcesBuildPhase section */

/* Begin PBXSourcesBuildPhase section */
		692EAD35248F0EA500035522 /* Sources */ = {
			isa = PBXSourcesBuildPhase;
			buildActionMask = 2147483647;
			files = (
				690F3BD8249589D100A25D4A /* TabBarViewController.swift in Sources */,
				692DB0FC24911EDC008F7397 /* ContactListTableTableViewController.swift in Sources */,
				69535BED24906B6700A29EF6 /* Person.swift in Sources */,
				69535BF224906CF800A29EF6 /* DataManager.swift in Sources */,
				69535BF4249072B000A29EF6 /* PersonListTableViewController.swift in Sources */,
				692EAD41248F0EA500035522 /* PersonDetailsViewController.swift in Sources */,
				692EAD3D248F0EA500035522 /* AppDelegate.swift in Sources */,
				692EAD3F248F0EA500035522 /* SceneDelegate.swift in Sources */,
			);
			runOnlyForDeploymentPostprocessing = 0;
		};
/* End PBXSourcesBuildPhase section */

/* Begin PBXVariantGroup section */
		692EAD44248F0EA500035522 /* Main.storyboard */ = {
			isa = PBXVariantGroup;
			children = (
				692EAD45248F0EA500035522 /* Base */,
			);
			name = Main.storyboard;
			sourceTree = "<group>";
		};
		692EAD49248F0EAC00035522 /* LaunchScreen.storyboard */ = {
			isa = PBXVariantGroup;
			children = (
				692EAD4A248F0EAC00035522 /* Base */,
			);
			name = LaunchScreen.storyboard;
			sourceTree = "<group>";
		};
/* End PBXVariantGroup section */

/* Begin XCBuildConfiguration section */
		692EAD4D248F0EAC00035522 /* Debug */ = {
			isa = XCBuildConfiguration;
			buildSettings = {
				ALWAYS_SEARCH_USER_PATHS = NO;
				CLANG_ANALYZER_NONNULL = YES;
				CLANG_ANALYZER_NUMBER_OBJECT_CONVERSION = YES_AGGRESSIVE;
				CLANG_CXX_LANGUAGE_STANDARD = "gnu++14";
				CLANG_CXX_LIBRARY = "libc++";
				CLANG_ENABLE_MODULES = YES;
				CLANG_ENABLE_OBJC_ARC = YES;
				CLANG_ENABLE_OBJC_WEAK = YES;
				CLANG_WARN_BLOCK_CAPTURE_AUTORELEASING = YES;
				CLANG_WARN_BOOL_CONVERSION = YES;
				CLANG_WARN_COMMA = YES;
				CLANG_WARN_CONSTANT_CONVERSION = YES;
				CLANG_WARN_DEPRECATED_OBJC_IMPLEMENTATIONS = YES;
				CLANG_WARN_DIRECT_OBJC_ISA_USAGE = YES_ERROR;
				CLANG_WARN_DOCUMENTATION_COMMENTS = YES;
				CLANG_WARN_EMPTY_BODY = YES;
				CLANG_WARN_ENUM_CONVERSION = YES;
				CLANG_WARN_INFINITE_RECURSION = YES;
				CLANG_WARN_INT_CONVERSION = YES;
				CLANG_WARN_NON_LITERAL_NULL_CONVERSION = YES;
				CLANG_WARN_OBJC_IMPLICIT_RETAIN_SELF = YES;
				CLANG_WARN_OBJC_LITERAL_CONVERSION = YES;
				CLANG_WARN_OBJC_ROOT_CLASS = YES_ERROR;
				CLANG_WARN_RANGE_LOOP_ANALYSIS = YES;
				CLANG_WARN_STRICT_PROTOTYPES = YES;
				CLANG_WARN_SUSPICIOUS_MOVE = YES;
				CLANG_WARN_UNGUARDED_AVAILABILITY = YES_AGGRESSIVE;
				CLANG_WARN_UNREACHABLE_CODE = YES;
				CLANG_WARN__DUPLICATE_METHOD_MATCH = YES;
				COPY_PHASE_STRIP = NO;
				DEBUG_INFORMATION_FORMAT = dwarf;
				ENABLE_STRICT_OBJC_MSGSEND = YES;
				ENABLE_TESTABILITY = YES;
				GCC_C_LANGUAGE_STANDARD = gnu11;
				GCC_DYNAMIC_NO_PIC = NO;
				GCC_NO_COMMON_BLOCKS = YES;
				GCC_OPTIMIZATION_LEVEL = 0;
				GCC_PREPROCESSOR_DEFINITIONS = (
					"DEBUG=1",
					"$(inherited)",
				);
				GCC_WARN_64_TO_32_BIT_CONVERSION = YES;
				GCC_WARN_ABOUT_RETURN_TYPE = YES_ERROR;
				GCC_WARN_UNDECLARED_SELECTOR = YES;
				GCC_WARN_UNINITIALIZED_AUTOS = YES_AGGRESSIVE;
				GCC_WARN_UNUSED_FUNCTION = YES;
				GCC_WARN_UNUSED_VARIABLE = YES;
				IPHONEOS_DEPLOYMENT_TARGET = 13.5;
				MTL_ENABLE_DEBUG_INFO = INCLUDE_SOURCE;
				MTL_FAST_MATH = YES;
				ONLY_ACTIVE_ARCH = YES;
				SDKROOT = iphoneos;
				SWIFT_ACTIVE_COMPILATION_CONDITIONS = DEBUG;
				SWIFT_OPTIMIZATION_LEVEL = "-Onone";
			};
			name = Debug;
		};
		692EAD4E248F0EAC00035522 /* Release */ = {
			isa = XCBuildConfiguration;
			buildSettings = {
				ALWAYS_SEARCH_USER_PATHS = NO;
				CLANG_ANALYZER_NONNULL = YES;
				CLANG_ANALYZER_NUMBER_OBJECT_CONVERSION = YES_AGGRESSIVE;
				CLANG_CXX_LANGUAGE_STANDARD = "gnu++14";
				CLANG_CXX_LIBRARY = "libc++";
				CLANG_ENABLE_MODULES = YES;
				CLANG_ENABLE_OBJC_ARC = YES;
				CLANG_ENABLE_OBJC_WEAK = YES;
				CLANG_WARN_BLOCK_CAPTURE_AUTORELEASING = YES;
				CLANG_WARN_BOOL_CONVERSION = YES;
				CLANG_WARN_COMMA = YES;
				CLANG_WARN_CONSTANT_CONVERSION = YES;
				CLANG_WARN_DEPRECATED_OBJC_IMPLEMENTATIONS = YES;
				CLANG_WARN_DIRECT_OBJC_ISA_USAGE = YES_ERROR;
				CLANG_WARN_DOCUMENTATION_COMMENTS = YES;
				CLANG_WARN_EMPTY_BODY = YES;
				CLANG_WARN_ENUM_CONVERSION = YES;
				CLANG_WARN_INFINITE_RECURSION = YES;
				CLANG_WARN_INT_CONVERSION = YES;
				CLANG_WARN_NON_LITERAL_NULL_CONVERSION = YES;
				CLANG_WARN_OBJC_IMPLICIT_RETAIN_SELF = YES;
				CLANG_WARN_OBJC_LITERAL_CONVERSION = YES;
				CLANG_WARN_OBJC_ROOT_CLASS = YES_ERROR;
				CLANG_WARN_RANGE_LOOP_ANALYSIS = YES;
				CLANG_WARN_STRICT_PROTOTYPES = YES;
				CLANG_WARN_SUSPICIOUS_MOVE = YES;
				CLANG_WARN_UNGUARDED_AVAILABILITY = YES_AGGRESSIVE;
				CLANG_WARN_UNREACHABLE_CODE = YES;
				CLANG_WARN__DUPLICATE_METHOD_MATCH = YES;
				COPY_PHASE_STRIP = NO;
				DEBUG_INFORMATION_FORMAT = "dwarf-with-dsym";
				ENABLE_NS_ASSERTIONS = NO;
				ENABLE_STRICT_OBJC_MSGSEND = YES;
				GCC_C_LANGUAGE_STANDARD = gnu11;
				GCC_NO_COMMON_BLOCKS = YES;
				GCC_WARN_64_TO_32_BIT_CONVERSION = YES;
				GCC_WARN_ABOUT_RETURN_TYPE = YES_ERROR;
				GCC_WARN_UNDECLARED_SELECTOR = YES;
				GCC_WARN_UNINITIALIZED_AUTOS = YES_AGGRESSIVE;
				GCC_WARN_UNUSED_FUNCTION = YES;
				GCC_WARN_UNUSED_VARIABLE = YES;
				IPHONEOS_DEPLOYMENT_TARGET = 13.5;
				MTL_ENABLE_DEBUG_INFO = NO;
				MTL_FAST_MATH = YES;
				SDKROOT = iphoneos;
				SWIFT_COMPILATION_MODE = wholemodule;
				SWIFT_OPTIMIZATION_LEVEL = "-O";
				VALIDATE_PRODUCT = YES;
			};
			name = Release;
		};
		692EAD50248F0EAC00035522 /* Debug */ = {
			isa = XCBuildConfiguration;
			buildSettings = {
				ASSETCATALOG_COMPILER_APPICON_NAME = AppIcon;
				CODE_SIGN_STYLE = Automatic;
				DEVELOPMENT_TEAM = QZC579X3KH;
				INFOPLIST_FILE = vitata_HW2.7/SupportingFiles/Info.plist;
				LD_RUNPATH_SEARCH_PATHS = (
					"$(inherited)",
					"@executable_path/Frameworks",
				);
				PRODUCT_BUNDLE_IDENTIFIER = "apnet-vitata-hw27.vitata-HW2-7";
				PRODUCT_NAME = "$(TARGET_NAME)";
				SWIFT_VERSION = 5.0;
				TARGETED_DEVICE_FAMILY = 1;
			};
			name = Debug;
		};
		692EAD51248F0EAC00035522 /* Release */ = {
			isa = XCBuildConfiguration;
			buildSettings = {
				ASSETCATALOG_COMPILER_APPICON_NAME = AppIcon;
				CODE_SIGN_STYLE = Automatic;
				DEVELOPMENT_TEAM = QZC579X3KH;
				INFOPLIST_FILE = vitata_HW2.7/SupportingFiles/Info.plist;
				LD_RUNPATH_SEARCH_PATHS = (
					"$(inherited)",
					"@executable_path/Frameworks",
				);
				PRODUCT_BUNDLE_IDENTIFIER = "apnet-vitata-hw27.vitata-HW2-7";
				PRODUCT_NAME = "$(TARGET_NAME)";
				SWIFT_VERSION = 5.0;
				TARGETED_DEVICE_FAMILY = 1;
			};
			name = Release;
		};
/* End XCBuildConfiguration section */

/* Begin XCConfigurationList section */
		692EAD34248F0EA500035522 /* Build configuration list for PBXProject "vitata_HW2.7" */ = {
			isa = XCConfigurationList;
			buildConfigurations = (
				692EAD4D248F0EAC00035522 /* Debug */,
				692EAD4E248F0EAC00035522 /* Release */,
			);
			defaultConfigurationIsVisible = 0;
			defaultConfigurationName = Release;
		};
		692EAD4F248F0EAC00035522 /* Build configuration list for PBXNativeTarget "vitata_HW2.7" */ = {
			isa = XCConfigurationList;
			buildConfigurations = (
				692EAD50248F0EAC00035522 /* Debug */,
				692EAD51248F0EAC00035522 /* Release */,
			);
			defaultConfigurationIsVisible = 0;
			defaultConfigurationName = Release;
		};
/* End XCConfigurationList section */
	};
	rootObject = 692EAD31248F0EA500035522 /* Project object */;
}
